
Microsoft Visual Studio Solution File, Format Version 12.00
# Visual Studio 15
VisualStudioVersion = 15.0.26430.15
MinimumVisualStudioVersion = 10.0.40219.1
Project("{FAE04EC0-301F-11D3-BF4B-00C04F79EFBC}") = "library", "library\library.csproj", "{83E74C80-65E5-4040-A84F-1FF6BE635EBD}"
EndProject
Global
	GlobalSection(SolutionConfigurationPlatforms) = preSolution
		Debug|Any CPU = Debug|Any CPU
		Release|Any CPU = Release|Any CPU
	EndGlobalSection
	GlobalSection(ProjectConfigurationPlatforms) = postSolution
		{83E74C80-65E5-4040-A84F-1FF6BE635EBD}.Debug|Any CPU.ActiveCfg = Debug|Any CPU
		{83E74C80-65E5-4040-A84F-1FF6BE635EBD}.Debug|Any CPU.Build.0 = Debug|Any CPU
		{83E74C80-65E5-4040-A84F-1FF6BE635EBD}.Release|Any CPU.ActiveCfg = Release|Any CPU
		{83E74C80-65E5-4040-A84F-1FF6BE635EBD}.Release|Any CPU.Build.0 = Release|Any CPU
	EndGlobalSection
	GlobalSection(SolutionProperties) = preSolution
		HideSolutionNode = FALSE
	EndGlobalSection
EndGlobal
